Microsoft Visual Studio Solution File, Format Version 7.00
Project("{8BC9CEB8-8B4A-11D0-8D11-00A0C91BC942}") = "AlkalineNT", "AlkalineNT.vcproj", "{A9978E65-39D9-466A-B09C-356C1ED96DB5}"
EndProject
Project("{8BC9CEB8-8B4A-11D0-8D11-00A0C91BC942}") = "BaseClasses", "..\..\BaseClasses\MSVC\BaseClasses.vcproj", "{F0E9BE99-89A2-4A11-AAFC-E8410ADCC809}"
EndProject
Project("{8BC9CEB8-8B4A-11D0-8D11-00A0C91BC942}") = "MrtgStats", "..\..\AlkalineTools\MSVC\MrtgStats.vcproj", "{BE448FF1-D3E1-4E07-97D3-0878D3D1AB3F}"
EndProject
Project("{8BC9CEB8-8B4A-11D0-8D11-00A0C91BC942}") = "NdxScan", "..\..\AlkalineTools\MSVC\NdxScan.vcproj", "{890CF923-50F1-4621-A648-9BA401BD9D5D}"
EndProject
Project("{8BC9CEB8-8B4A-11D0-8D11-00A0C91BC942}") = "UrtList", "..\..\AlkalineTools\MSVC\UrtList.vcproj", "{E78CAAF4-918C-4CA4-A890-9FDD2CD4365E}"
EndProject
Project("{8BC9CEB8-8B4A-11D0-8D11-00A0C91BC942}") = "BaseTemplates", "..\..\BaseClasses\MSVC\BaseTemplates.vcproj", "{30479F56-86EE-47E2-BFDF-F0B88C2779B6}"
EndProject
Project("{8BC9CEB8-8B4A-11D0-8D11-00A0C91BC942}") = "LnxDump", "..\..\AlkalineTools\MSVC\LnxDump.vcproj", "{0D309CA6-5A1F-479F-967E-B38E61545125}"
EndProject
Global
	GlobalSection(SolutionConfiguration) = preSolution
		ConfigName.0 = Debug
		ConfigName.1 = Release
	EndGlobalSection
	GlobalSection(ProjectDependencies) = postSolution
		{A9978E65-39D9-466A-B09C-356C1ED96DB5}.0 = {BE448FF1-D3E1-4E07-97D3-0878D3D1AB3F}
		{A9978E65-39D9-466A-B09C-356C1ED96DB5}.1 = {E78CAAF4-918C-4CA4-A890-9FDD2CD4365E}
		{A9978E65-39D9-466A-B09C-356C1ED96DB5}.2 = {30479F56-86EE-47E2-BFDF-F0B88C2779B6}
		{A9978E65-39D9-466A-B09C-356C1ED96DB5}.3 = {F0E9BE99-89A2-4A11-AAFC-E8410ADCC809}
		{A9978E65-39D9-466A-B09C-356C1ED96DB5}.4 = {0D309CA6-5A1F-479F-967E-B38E61545125}
		{A9978E65-39D9-466A-B09C-356C1ED96DB5}.5 = {890CF923-50F1-4621-A648-9BA401BD9D5D}
		{F0E9BE99-89A2-4A11-AAFC-E8410ADCC809}.0 = {30479F56-86EE-47E2-BFDF-F0B88C2779B6}
		{BE448FF1-D3E1-4E07-97D3-0878D3D1AB3F}.0 = {F0E9BE99-89A2-4A11-AAFC-E8410ADCC809}
		{890CF923-50F1-4621-A648-9BA401BD9D5D}.0 = {F0E9BE99-89A2-4A11-AAFC-E8410ADCC809}
		{E78CAAF4-918C-4CA4-A890-9FDD2CD4365E}.0 = {F0E9BE99-89A2-4A11-AAFC-E8410ADCC809}
		{0D309CA6-5A1F-479F-967E-B38E61545125}.0 = {F0E9BE99-89A2-4A11-AAFC-E8410ADCC809}
	EndGlobalSection
	GlobalSection(ProjectConfiguration) = postSolution
		{A9978E65-39D9-466A-B09C-356C1ED96DB5}.Debug.ActiveCfg = Debug|Win32
		{A9978E65-39D9-466A-B09C-356C1ED96DB5}.Debug.Build.0 = Debug|Win32
		{A9978E65-39D9-466A-B09C-356C1ED96DB5}.Release.ActiveCfg = Release|Win32
		{A9978E65-39D9-466A-B09C-356C1ED96DB5}.Release.Build.0 = Release|Win32
		{F0E9BE99-89A2-4A11-AAFC-E8410ADCC809}.Debug.ActiveCfg = Debug|Win32
		{F0E9BE99-89A2-4A11-AAFC-E8410ADCC809}.Debug.Build.0 = Debug|Win32
		{F0E9BE99-89A2-4A11-AAFC-E8410ADCC809}.Release.ActiveCfg = Release|Win32
		{F0E9BE99-89A2-4A11-AAFC-E8410ADCC809}.Release.Build.0 = Release|Win32
		{BE448FF1-D3E1-4E07-97D3-0878D3D1AB3F}.Debug.ActiveCfg = Debug|Win32
		{BE448FF1-D3E1-4E07-97D3-0878D3D1AB3F}.Debug.Build.0 = Debug|Win32
		{BE448FF1-D3E1-4E07-97D3-0878D3D1AB3F}.Release.ActiveCfg = Release|Win32
		{BE448FF1-D3E1-4E07-97D3-0878D3D1AB3F}.Release.Build.0 = Release|Win32
		{890CF923-50F1-4621-A648-9BA401BD9D5D}.Debug.ActiveCfg = Debug|Win32
		{890CF923-50F1-4621-A648-9BA401BD9D5D}.Debug.Build.0 = Debug|Win32
		{890CF923-50F1-4621-A648-9BA401BD9D5D}.Release.ActiveCfg = Release|Win32
		{890CF923-50F1-4621-A648-9BA401BD9D5D}.Release.Build.0 = Release|Win32
		{E78CAAF4-918C-4CA4-A890-9FDD2CD4365E}.Debug.ActiveCfg = Debug|Win32
		{E78CAAF4-918C-4CA4-A890-9FDD2CD4365E}.Debug.Build.0 = Debug|Win32
		{E78CAAF4-918C-4CA4-A890-9FDD2CD4365E}.Release.ActiveCfg = Release|Win32
		{E78CAAF4-918C-4CA4-A890-9FDD2CD4365E}.Release.Build.0 = Release|Win32
		{30479F56-86EE-47E2-BFDF-F0B88C2779B6}.Debug.ActiveCfg = Debug|Win32
		{30479F56-86EE-47E2-BFDF-F0B88C2779B6}.Debug.Build.0 = Debug|Win32
		{30479F56-86EE-47E2-BFDF-F0B88C2779B6}.Release.ActiveCfg = Release|Win32
		{30479F56-86EE-47E2-BFDF-F0B88C2779B6}.Release.Build.0 = Release|Win32
		{0D309CA6-5A1F-479F-967E-B38E61545125}.Debug.ActiveCfg = Debug|Win32
		{0D309CA6-5A1F-479F-967E-B38E61545125}.Debug.Build.0 = Debug|Win32
		{0D309CA6-5A1F-479F-967E-B38E61545125}.Release.ActiveCfg = Release|Win32
		{0D309CA6-5A1F-479F-967E-B38E61545125}.Release.Build.0 = Release|Win32
	EndGlobalSection
	GlobalSection(ExtensibilityGlobals) = postSolution
	EndGlobalSection
	GlobalSection(ExtensibilityAddIns) = postSolution
	EndGlobalSection
EndGlobal
